
Microsoft Visual Studio Solution File, Format Version 12.00
Project("{FAE04EC0-301F-11D3-BF4B-00C04F79EFBC}") = "AwesomeMusicManager.SongDownloader.WebApi", "AwesomeMusicManager.SongDownloader.WebApi\AwesomeMusicManager.SongDownloader.WebApi.csproj", "{154BA417-54DE-406B-BE42-C2CD3746825C}"
EndProject
Project("{FAE04EC0-301F-11D3-BF4B-00C04F79EFBC}") = "AwesomeMusicManager.SongDownloader.Service", "AwesomeMusicManager.SongDownloader.Service\AwesomeMusicManager.SongDownloader.Service.csproj", "{94EB4E6C-1289-4A9B-B483-3F404C044FAD}"
EndProject
Project("{FAE04EC0-301F-11D3-BF4B-00C04F79EFBC}") = "AwesomeMusicManager.SongDownloader.Model", "AwesomeMusicManager.SongDownloader.Model\AwesomeMusicManager.SongDownloader.Model.csproj", "{ED4FA387-69C6-4BD3-A390-0B5AC6EC3FA0}"
EndProject
Global
	GlobalSection(SolutionConfigurationPlatforms) = preSolution
		Debug|Any CPU = Debug|Any CPU
		Release|Any CPU = Release|Any CPU
	EndGlobalSection
	GlobalSection(ProjectConfigurationPlatforms) = postSolution
		{154BA417-54DE-406B-BE42-C2CD3746825C}.Debug|Any CPU.ActiveCfg = Debug|Any CPU
		{154BA417-54DE-406B-BE42-C2CD3746825C}.Debug|Any CPU.Build.0 = Debug|Any CPU
		{154BA417-54DE-406B-BE42-C2CD3746825C}.Release|Any CPU.ActiveCfg = Release|Any CPU
		{154BA417-54DE-406B-BE42-C2CD3746825C}.Release|Any CPU.Build.0 = Release|Any CPU
		{94EB4E6C-1289-4A9B-B483-3F404C044FAD}.Debug|Any CPU.ActiveCfg = Debug|Any CPU
		{94EB4E6C-1289-4A9B-B483-3F404C044FAD}.Debug|Any CPU.Build.0 = Debug|Any CPU
		{94EB4E6C-1289-4A9B-B483-3F404C044FAD}.Release|Any CPU.ActiveCfg = Release|Any CPU
		{94EB4E6C-1289-4A9B-B483-3F404C044FAD}.Release|Any CPU.Build.0 = Release|Any CPU
		{ED4FA387-69C6-4BD3-A390-0B5AC6EC3FA0}.Debug|Any CPU.ActiveCfg = Debug|Any CPU
		{ED4FA387-69C6-4BD3-A390-0B5AC6EC3FA0}.Debug|Any CPU.Build.0 = Debug|Any CPU
		{ED4FA387-69C6-4BD3-A390-0B5AC6EC3FA0}.Release|Any CPU.ActiveCfg = Release|Any CPU
		{ED4FA387-69C6-4BD3-A390-0B5AC6EC3FA0}.Release|Any CPU.Build.0 = Release|Any CPU
	EndGlobalSection
EndGlobal
